# This file was autogenerated by Stack.
# You should not edit this file by hand.
# For more information, please see the documentation at:
#   https://docs.haskellstack.org/en/stable/lock_files

packages:
- completed:
    hackage: readme-lhs-0.3.0@sha256:46814336d4f2d2601df2de6fd43ae59552c0bb797c7d05f3f49f119f2ccd0311,1819
    pantry-tree:
      size: 431
      sha256: 9babd7837ec2d76f3c3c3d1eda521cde34fc117b16c589869f88a08fa5efd764
  original:
    hackage: readme-lhs-0.3.0
- completed:
    hackage: numhask-space-0.3.0@sha256:a84862b4c93e0024b4087691a903d996f2d62ecead23449ac76e151b152f57b2,1537
    pantry-tree:
      size: 675
      sha256: 8b1c8cf5173aa1a7f82c986ba940aba13c534df3c05433a0080f6e48fd6947ab
  original:
    hackage: numhask-space-0.3.0
- completed:
    hackage: json-stream-0.4.2.4@sha256:8b7f17d54a6e1e6311756270f8bcf51e91bab4300945400de66118470dcf51b9,4716
    pantry-tree:
      size: 2055
      sha256: 3ad81d47097db52223576d79ff441f04682358cd3057de4acb604409772641ca
  original:
    hackage: json-stream-0.4.2.4
- completed:
    hackage: streaming-utils-0.2.0.0@sha256:a2bd9144b336393122ffed2d3a1c747c186b8fdb9734c54d8b5874ed6166a85b,4114
    pantry-tree:
      size: 571
      sha256: e0e6ffb4ff9437644e66765d7de6a1f8784e926fcc6edb28aa66e297e119f111
  original:
    hackage: streaming-utils-0.2.0.0
snapshots:
- completed:
    size: 525876
    url: https://raw.githubusercontent.com/commercialhaskell/stackage-snapshots/master/lts/14/13.yaml
    sha256: 4a0e79eb194c937cc2a1852ff84d983c63ac348dc6bad5f38d20cab697036eef
  original: lts-14.13
